github.com/ctx42/goldkit v0.19.0 h1:DT3zye9nOZb5ObeEArqSQRsTA4tP8/v/gbRMcOpl7ao=
github.com/ctx42/goldkit v0.19.0/go.mod h1:nIEK5lFgaZuK/KmegSyOX9v3I2Y8H7zSlVcrjqLKfbE=
github.com/ctx42/ring v0.7.1 h1:qN6SR9OrXq0Yj8Sf1ilEY/m6kHFbyRJb6VmlO0bQe9E=
github.com/ctx42/ring v0.7.1/go.mod h1:ko72cbRboriU8jTgDUEZHacrfwPKPjy8edtJ2doccHQ=
github.com/ctx42/testing v0.55.0 h1:xzYg+zW6xx2BDemveLhIztU6BdY9O6KCCR1FeYEt+mk=
github.com/ctx42/testing v0.55.0/go.mod h1:wRBqNRtlxDZnXIjgCX3zr05Acl6JC1D6cSBN2IpaMIs=
github.com/ctx42/testing v0.56.0 h1:+yZwRy+5JQb+14YtRTGJxWbAMAP9qlU9pMa8TPqgdzE=
github.com/ctx42/testing v0.56.0/go.mod h1:wRBqNRtlxDZnXIjgCX3zr05Acl6JC1D6cSBN2IpaMIs=
github.com/ctx42/testkit v0.7.0 h1:vdoedBK7j1FDezYOxNw0j0z0Lm/I9bGocMWGXZqQHpk=
github.com/ctx42/testkit v0.7.0/go.mod h1:TuyXl4VM5PLj9VKMFQxVFyJH84fotgVMuxdwXDSEo7M=
github.com/ctx42/testkit v0.11.0 h1:CBIKYzBIfEcFwhQIkPVACkm+kJfyaXR2FuQn1XaU/vQ=
github.com/ctx42/testkit v0.11.0/go.mod h1:06jegYkEuBa/JbEyAJjsQTxB7pQEuznR0TcEt1p71LI=
github.com/ctx42/xflag v0.10.0 h1:QaaOz0JRkJQtumPWnbMQ04dYDURgWKgsIco53Dder5M=
github.com/ctx42/xflag v0.10.0/go.mod h1:8VeKeOfwpoA2uPLPnbYPxOatFpBvfmuHz7O7Wii2nGc=
github.com/goccy/go-yaml v1.19.2 h1:PmFC1S6h8ljIz6gMRBopkjP1TVT7xuwrButHID66PoM=
github.com/goccy/go-yaml v1.19.2/go.mod h1:XBurs7gK8ATbW4ZPGKgcbrY1Br56PdM69F7LkFRi1kA=
golang.org/x/image v0.46.0 h1:b1+oYj0Jbp6K5MDT4i4/eZpYlk3V8SJhhDKh6LBHAyQ=
golang.org/x/image v0.46.0/go.mod h1:3B3W05VGVQyuXucLINLjXKrqISASfi4Xj+iCVkLMwew=
golang.org/x/mod v0.41.0 h1:qJmnOUb4YB+FsEuM3HcWucdZASCPGhsX6uljO6pog0c=
golang.org/x/mod v0.41.0/go.mod h1:Ek9pY8RKWXwsWvd3rQiHYtMqkjSUV+s1Rj7j4H5Ur6o=
golang.org/x/text v0.42.0 h1:JbOZXgfeCPU9gacVtYliJqOhD+zhrEqK4LfdpmlUZqI=
golang.org/x/text v0.42.0/go.mod h1:ojzP1Z+2QtioaF8DTtO8K5q7JWVVYwZKenzujK0Zd0E=
gopkg.in/check.v1 v0.0.0-20161208181325-20d25e280405/go.mod h1:Co6ibVJAznAaIkqp8huTwlJQCZ016jof/cbN4VW5Yz0=
gopkg.in/yaml.v3 v3.0.1 h1:fxVm/GzAzEWqLHuvctI91KS9hhNmmWOoWu0XTYJS7CA=
gopkg.in/yaml.v3 v3.0.1/go.mod h1:K4uyk7z7BCEPqu6E+C64Yfv1cQ7kz7rIZviUmN+EgEM=
